// !$*UTF8*$!
{
	archiveVersion = 1;
	classes = {
	};
	objectVersion = 56;
	objects = {

/* Begin PBXBuildFile section */
		FA8472072BC9EDEB0049BC0D /* BlossomApp.swift in Sources */ = {isa = PBXBuildFile; fileRef = FA8472062BC9EDEB0049BC0D /* BlossomApp.swift */; };
		FA8472092BC9EDEB0049BC0D /* ContentView.swift in Sources */ = {isa = PBXBuildFile; fileRef = FA8472082BC9EDEB0049BC0D /* ContentView.swift */; };
		FA84720B2BC9EDEE0049BC0D /* Assets.xcassets in Resources */ = {isa = PBXBuildFile; fileRef = FA84720A2BC9EDEE0049BC0D /* Assets.xcassets */; };
		FA84720E2BC9EDEE0049BC0D /* Preview Assets.xcassets in Resources */ = {isa = PBXBuildFile; fileRef = FA84720D2BC9EDEE0049BC0D /* Preview Assets.xcassets */; };
		FA8472182BC9EDEE0049BC0D /* BlossomTests.swift in Sources */ = {isa = PBXBuildFile; fileRef = FA8472172BC9EDEE0049BC0D /* BlossomTests.swift */; };
		FA8472222BC9EDEE0049BC0D /* BlossomUITests.swift in Sources */ = {isa = PBXBuildFile; fileRef = FA8472212BC9EDEE0049BC0D /* BlossomUITests.swift */; };
		FA8472242BC9EDEE0049BC0D /* BlossomUITestsLaunchTests.swift in Sources */ = {isa = PBXBuildFile; fileRef = FA8472232BC9EDEE0049BC0D /* BlossomUITestsLaunchTests.swift */; };
		FA8472322BCC80850049BC0D /* LogInView.swift in Sources */ = {isa = PBXBuildFile; fileRef = FA8472312BCC80850049BC0D /* LogInView.swift */; };
		FA8472342BCC81660049BC0D /* ProfileView.swift in Sources */ = {isa = PBXBuildFile; fileRef = FA8472332BCC81660049BC0D /* ProfileView.swift */; };
		FA8472362BCC81700049BC0D /* OnboardingView.swift in Sources */ = {isa = PBXBuildFile; fileRef = FA8472352BCC81700049BC0D /* OnboardingView.swift */; };
/* End PBXBuildFile section */

/* Begin PBXContainerItemProxy section */
		FA8472142BC9EDEE0049BC0D /* PBXContainerItemProxy */ = {
			isa = PBXContainerItemProxy;
			containerPortal = FA8471FB2BC9EDEB0049BC0D /* Project object */;
			proxyType = 1;
			remoteGlobalIDString = FA8472022BC9EDEB0049BC0D;
			remoteInfo = Blossom;
		};
		FA84721E2BC9EDEE0049BC0D /* PBXContainerItemProxy */ = {
			isa = PBXContainerItemProxy;
			containerPortal = FA8471FB2BC9EDEB0049BC0D /* Project object */;
			proxyType = 1;
			remoteGlobalIDString = FA8472022BC9EDEB0049BC0D;
			remoteInfo = Blossom;
		};
/* End PBXContainerItemProxy section */

/* Begin PBXFileReference section */
		FA8472032BC9EDEB0049BC0D /* Blossom.app */ = {isa = PBXFileReference; explicitFileType = wrapper.application; includeInIndex = 0; path = Blossom.app; sourceTree = BUILT_PRODUCTS_DIR; };
		FA8472062BC9EDEB0049BC0D /* BlossomApp.swift */ = {isa = PBXFileReference; lastKnownFileType = sourcecode.swift; path = BlossomApp.swift; sourceTree = "<group>"; };
		FA8472082BC9EDEB0049BC0D /* ContentView.swift */ = {isa = PBXFileReference; lastKnownFileType = sourcecode.swift; path = ContentView.swift; sourceTree = "<group>"; };
		FA84720A2BC9EDEE0049BC0D /* Assets.xcassets */ = {isa = PBXFileReference; lastKnownFileType = folder.assetcatalog; path = Assets.xcassets; sourceTree = "<group>"; };
		FA84720D2BC9EDEE0049BC0D /* Preview Assets.xcassets */ = {isa = PBXFileReference; lastKnownFileType = folder.assetcatalog; path = "Preview Assets.xcassets"; sourceTree = "<group>"; };
		FA8472132BC9EDEE0049BC0D /* BlossomTests.xctest */ = {isa = PBXFileReference; explicitFileType = wrapper.cfbundle; includeInIndex = 0; path = BlossomTests.xctest; sourceTree = BUILT_PRODUCTS_DIR; };
		FA8472172BC9EDEE0049BC0D /* BlossomTests.swift */ = {isa = PBXFileReference; lastKnownFileType = sourcecode.swift; path = BlossomTests.swift; sourceTree = "<group>"; };
		FA84721D2BC9EDEE0049BC0D /* BlossomUITests.xctest */ = {isa = PBXFileReference; explicitFileType = wrapper.cfbundle; includeInIndex = 0; path = BlossomUITests.xctest; sourceTree = BUILT_PRODUCTS_DIR; };
		FA8472212BC9EDEE0049BC0D /* BlossomUITests.swift */ = {isa = PBXFileReference; lastKnownFileType = sourcecode.swift; path = BlossomUITests.swift; sourceTree = "<group>"; };
		FA8472232BC9EDEE0049BC0D /* BlossomUITestsLaunchTests.swift */ = {isa = PBXFileReference; lastKnownFileType = sourcecode.swift; path = BlossomUITestsLaunchTests.swift; sourceTree = "<group>"; };
		FA8472312BCC80850049BC0D /* LogInView.swift */ = {isa = PBXFileReference; lastKnownFileType = sourcecode.swift; path = LogInView.swift; sourceTree = "<group>"; };
		FA8472332BCC81660049BC0D /* ProfileView.swift */ = {isa = PBXFileReference; lastKnownFileType = sourcecode.swift; path = ProfileView.swift; sourceTree = "<group>"; };
		FA8472352BCC81700049BC0D /* OnboardingView.swift */ = {isa = PBXFileReference; lastKnownFileType = sourcecode.swift; path = OnboardingView.swift; sourceTree = "<group>"; };
/* End PBXFileReference section */

/* Begin PBXFrameworksBuildPhase section */
		FA8472002BC9EDEB0049BC0D /* Frameworks */ = {
			isa = PBXFrameworksBuildPhase;
			buildActionMask = 2147483647;
			files = (
			);
			runOnlyForDeploymentPostprocessing = 0;
		};
		FA8472102BC9EDEE0049BC0D /* Frameworks */ = {
			isa = PBXFrameworksBuildPhase;
			buildActionMask = 2147483647;
			files = (
			);
			runOnlyForDeploymentPostprocessing = 0;
		};
		FA84721A2BC9EDEE0049BC0D /* Frameworks */ = {
			isa = PBXFrameworksBuildPhase;
			buildActionMask = 2147483647;
			files = (
			);
			runOnlyForDeploymentPostprocessing = 0;
		};
/* End PBXFrameworksBuildPhase section */

/* Begin PBXGroup section */
		FA8471FA2BC9EDEB0049BC0D = {
			isa = PBXGroup;
			children = (
				FA8472052BC9EDEB0049BC0D /* Blossom */,
				FA8472162BC9EDEE0049BC0D /* BlossomTests */,
				FA8472202BC9EDEE0049BC0D /* BlossomUITests */,
				FA8472042BC9EDEB0049BC0D /* Products */,
			);
			sourceTree = "<group>";
		};
		FA8472042BC9EDEB0049BC0D /* Products */ = {
			isa = PBXGroup;
			children = (
				FA8472032BC9EDEB0049BC0D /* Blossom.app */,
				FA8472132BC9EDEE0049BC0D /* BlossomTests.xctest */,
				FA84721D2BC9EDEE0049BC0D /* BlossomUITests.xctest */,
			);
			name = Products;
			sourceTree = "<group>";
		};
		FA8472052BC9EDEB0049BC0D /* Blossom */ = {
			isa = PBXGroup;
			children = (
				FA8472302BCC806B0049BC0D /* Views */,
				FA8472062BC9EDEB0049BC0D /* BlossomApp.swift */,
				FA8472082BC9EDEB0049BC0D /* ContentView.swift */,
				FA84720A2BC9EDEE0049BC0D /* Assets.xcassets */,
				FA84720C2BC9EDEE0049BC0D /* Preview Content */,
			);
			path = Blossom;
			sourceTree = "<group>";
		};
		FA84720C2BC9EDEE0049BC0D /* Preview Content */ = {
			isa = PBXGroup;
			children = (
				FA84720D2BC9EDEE0049BC0D /* Preview Assets.xcassets */,
			);
			path = "Preview Content";
			sourceTree = "<group>";
		};
		FA8472162BC9EDEE0049BC0D /* BlossomTests */ = {
			isa = PBXGroup;
			children = (
				FA8472172BC9EDEE0049BC0D /* BlossomTests.swift */,
			);
			path = BlossomTests;
			sourceTree = "<group>";
		};
		FA8472202BC9EDEE0049BC0D /* BlossomUITests */ = {
			isa = PBXGroup;
			children = (
				FA8472212BC9EDEE0049BC0D /* BlossomUITests.swift */,
				FA8472232BC9EDEE0049BC0D /* BlossomUITestsLaunchTests.swift */,
			);
			path = BlossomUITests;
			sourceTree = "<group>";
		};
		FA8472302BCC806B0049BC0D /* Views */ = {
			isa = PBXGroup;
			children = (
				FA8472312BCC80850049BC0D /* LogInView.swift */,
				FA8472332BCC81660049BC0D /* ProfileView.swift */,
				FA8472352BCC81700049BC0D /* OnboardingView.swift */,
			);
			path = Views;
			sourceTree = "<group>";
		};
/* End PBXGroup section */

/* Begin PBXNativeTarget section */
		FA8472022BC9EDEB0049BC0D /* Blossom */ = {
			isa = PBXNativeTarget;
			buildConfigurationList = FA8472272BC9EDEE0049BC0D /* Build configuration list for PBXNativeTarget "Blossom" */;
			buildPhases = (
				FA8471FF2BC9EDEB0049BC0D /* Sources */,
				FA8472002BC9EDEB0049BC0D /* Frameworks */,
				FA8472012BC9EDEB0049BC0D /* Resources */,
			);
			buildRules = (
			);
			dependencies = (
			);
			name = Blossom;
			productName = Blossom;
			productReference = FA8472032BC9EDEB0049BC0D /* Blossom.app */;
			productType = "com.apple.product-type.application";
		};
		FA8472122BC9EDEE0049BC0D /* BlossomTests */ = {
			isa = PBXNativeTarget;
			buildConfigurationList = FA84722A2BC9EDEE0049BC0D /* Build configuration list for PBXNativeTarget "BlossomTests" */;
			buildPhases = (
				FA84720F2BC9EDEE0049BC0D /* Sources */,
				FA8472102BC9EDEE0049BC0D /* Frameworks */,
				FA8472112BC9EDEE0049BC0D /* Resources */,
			);
			buildRules = (
			);
			dependencies = (
				FA8472152BC9EDEE0049BC0D /* PBXTargetDependency */,
			);
			name = BlossomTests;
			productName = BlossomTests;
			productReference = FA8472132BC9EDEE0049BC0D /* BlossomTests.xctest */;
			productType = "com.apple.product-type.bundle.unit-test";
		};
		FA84721C2BC9EDEE0049BC0D /* BlossomUITests */ = {
			isa = PBXNativeTarget;
			buildConfigurationList = FA84722D2BC9EDEE0049BC0D /* Build configuration list for PBXNativeTarget "BlossomUITests" */;
			buildPhases = (
				FA8472192BC9EDEE0049BC0D /* Sources */,
				FA84721A2BC9EDEE0049BC0D /* Frameworks */,
				FA84721B2BC9EDEE0049BC0D /* Resources */,
			);
			buildRules = (
			);
			dependencies = (
				FA84721F2BC9EDEE0049BC0D /* PBXTargetDependency */,
			);
			name = BlossomUITests;
			productName = BlossomUITests;
			productReference = FA84721D2BC9EDEE0049BC0D /* BlossomUITests.xctest */;
			productType = "com.apple.product-type.bundle.ui-testing";
		};
/* End PBXNativeTarget section */

/* Begin PBXProject section */
		FA8471FB2BC9EDEB0049BC0D /* Project object */ = {
			isa = PBXProject;
			attributes = {
				BuildIndependentTargetsInParallel = 1;
				LastSwiftUpdateCheck = 1420;
				LastUpgradeCheck = 1420;
				TargetAttributes = {
					FA8472022BC9EDEB0049BC0D = {
						CreatedOnToolsVersion = 14.2;
					};
					FA8472122BC9EDEE0049BC0D = {
						CreatedOnToolsVersion = 14.2;
						TestTargetID = FA8472022BC9EDEB0049BC0D;
					};
					FA84721C2BC9EDEE0049BC0D = {
						CreatedOnToolsVersion = 14.2;
						TestTargetID = FA8472022BC9EDEB0049BC0D;
					};
				};
			};
			buildConfigurationList = FA8471FE2BC9EDEB0049BC0D /* Build configuration list for PBXProject "Blossom" */;
			compatibilityVersion = "Xcode 14.0";
			developmentRegion = en;
			hasScannedForEncodings = 0;
			knownRegions = (
				en,
				Base,
			);
			mainGroup = FA8471FA2BC9EDEB0049BC0D;
			productRefGroup = FA8472042BC9EDEB0049BC0D /* Products */;
			projectDirPath = "";
			projectRoot = "";
			targets = (
				FA8472022BC9EDEB0049BC0D /* Blossom */,
				FA8472122BC9EDEE0049BC0D /* BlossomTests */,
				FA84721C2BC9EDEE0049BC0D /* BlossomUITests */,
			);
		};
/* End PBXProject section */

/* Begin PBXResourcesBuildPhase section */
		FA8472012BC9EDEB0049BC0D /* Resources */ = {
			isa = PBXResourcesBuildPhase;
			buildActionMask = 2147483647;
			files = (
				FA84720E2BC9EDEE0049BC0D /* Preview Assets.xcassets in Resources */,
				FA84720B2BC9EDEE0049BC0D /* Assets.xcassets in Resources */,
			);
			runOnlyForDeploymentPostprocessing = 0;
		};
		FA8472112BC9EDEE0049BC0D /* Resources */ = {
			isa = PBXResourcesBuildPhase;
			buildActionMask = 2147483647;
			files = (
			);
			runOnlyForDeploymentPostprocessing = 0;
		};
		FA84721B2BC9EDEE0049BC0D /* Resources */ = {
			isa = PBXResourcesBuildPhase;
			buildActionMask = 2147483647;
			files = (
			);
			runOnlyForDeploymentPostprocessing = 0;
		};
/* End PBXResourcesBuildPhase section */

/* Begin PBXSourcesBuildPhase section */
		FA8471FF2BC9EDEB0049BC0D /* Sources */ = {
			isa = PBXSourcesBuildPhase;
			buildActionMask = 2147483647;
			files = (
				FA8472342BCC81660049BC0D /* ProfileView.swift in Sources */,
				FA8472322BCC80850049BC0D /* LogInView.swift in Sources */,
				FA8472092BC9EDEB0049BC0D /* ContentView.swift in Sources */,
				FA8472362BCC81700049BC0D /* OnboardingView.swift in Sources */,
				FA8472072BC9EDEB0049BC0D /* BlossomApp.swift in Sources */,
			);
			runOnlyForDeploymentPostprocessing = 0;
		};
		FA84720F2BC9EDEE0049BC0D /* Sources */ = {
			isa = PBXSourcesBuildPhase;
			buildActionMask = 2147483647;
			files = (
				FA8472182BC9EDEE0049BC0D /* BlossomTests.swift in Sources */,
			);
			runOnlyForDeploymentPostprocessing = 0;
		};
		FA8472192BC9EDEE0049BC0D /* Sources */ = {
			isa = PBXSourcesBuildPhase;
			buildActionMask = 2147483647;
			files = (
				FA8472242BC9EDEE0049BC0D /* BlossomUITestsLaunchTests.swift in Sources */,
				FA8472222BC9EDEE0049BC0D /* BlossomUITests.swift in Sources */,
			);
			runOnlyForDeploymentPostprocessing = 0;
		};
/* End PBXSourcesBuildPhase section */

/* Begin PBXTargetDependency section */
		FA8472152BC9EDEE0049BC0D /* PBXTargetDependency */ = {
			isa = PBXTargetDependency;
			target = FA8472022BC9EDEB0049BC0D /* Blossom */;
			targetProxy = FA8472142BC9EDEE0049BC0D /* PBXContainerItemProxy */;
		};
		FA84721F2BC9EDEE0049BC0D /* PBXTargetDependency */ = {
			isa = PBXTargetDependency;
			target = FA8472022BC9EDEB0049BC0D /* Blossom */;
			targetProxy = FA84721E2BC9EDEE0049BC0D /* PBXContainerItemProxy */;
		};
/* End PBXTargetDependency section */

/* Begin XCBuildConfiguration section */
		FA8472252BC9EDEE0049BC0D /* Debug */ = {
			isa = XCBuildConfiguration;
			buildSettings = {
				ALWAYS_SEARCH_USER_PATHS = NO;
				CLANG_ANALYZER_NONNULL = YES;
				CLANG_ANALYZER_NUMBER_OBJECT_CONVERSION = YES_AGGRESSIVE;
				CLANG_CXX_LANGUAGE_STANDARD = "gnu++20";
				CLANG_ENABLE_MODULES = YES;
				CLANG_ENABLE_OBJC_ARC = YES;
				CLANG_ENABLE_OBJC_WEAK = YES;
				CLANG_WARN_BLOCK_CAPTURE_AUTORELEASING = YES;
				CLANG_WARN_BOOL_CONVERSION = YES;
				CLANG_WARN_COMMA = YES;
				CLANG_WARN_CONSTANT_CONVERSION = YES;
				CLANG_WARN_DEPRECATED_OBJC_IMPLEMENTATIONS = YES;
				CLANG_WARN_DIRECT_OBJC_ISA_USAGE = YES_ERROR;
				CLANG_WARN_DOCUMENTATION_COMMENTS = YES;
				CLANG_WARN_EMPTY_BODY = YES;
				CLANG_WARN_ENUM_CONVERSION = YES;
				CLANG_WARN_INFINITE_RECURSION = YES;
				CLANG_WARN_INT_CONVERSION = YES;
				CLANG_WARN_NON_LITERAL_NULL_CONVERSION = YES;
				CLANG_WARN_OBJC_IMPLICIT_RETAIN_SELF = YES;
				CLANG_WARN_OBJC_LITERAL_CONVERSION = YES;
				CLANG_WARN_OBJC_ROOT_CLASS = YES_ERROR;
				CLANG_WARN_QUOTED_INCLUDE_IN_FRAMEWORK_HEADER = YES;
				CLANG_WARN_RANGE_LOOP_ANALYSIS = YES;
				CLANG_WARN_STRICT_PROTOTYPES = YES;
				CLANG_WARN_SUSPICIOUS_MOVE = YES;
				CLANG_WARN_UNGUARDED_AVAILABILITY = YES_AGGRESSIVE;
				CLANG_WARN_UNREACHABLE_CODE = YES;
				CLANG_WARN__DUPLICATE_METHOD_MATCH = YES;
				COPY_PHASE_STRIP = NO;
				DEBUG_INFORMATION_FORMAT = dwarf;
				ENABLE_STRICT_OBJC_MSGSEND = YES;
				ENABLE_TESTABILITY = YES;
				GCC_C_LANGUAGE_STANDARD = gnu11;
				GCC_DYNAMIC_NO_PIC = NO;
				GCC_NO_COMMON_BLOCKS = YES;
				GCC_OPTIMIZATION_LEVEL = 0;
				GCC_PREPROCESSOR_DEFINITIONS = (
					"DEBUG=1",
					"$(inherited)",
				);
				GCC_WARN_64_TO_32_BIT_CONVERSION = YES;
				GCC_WARN_ABOUT_RETURN_TYPE = YES_ERROR;
				GCC_WARN_UNDECLARED_SELECTOR = YES;
				GCC_WARN_UNINITIALIZED_AUTOS = YES_AGGRESSIVE;
				GCC_WARN_UNUSED_FUNCTION = YES;
				GCC_WARN_UNUSED_VARIABLE = YES;
				IPHONEOS_DEPLOYMENT_TARGET = 16.2;
				MTL_ENABLE_DEBUG_INFO = INCLUDE_SOURCE;
				MTL_FAST_MATH = YES;
				ONLY_ACTIVE_ARCH = YES;
				SDKROOT = iphoneos;
				SWIFT_ACTIVE_COMPILATION_CONDITIONS = DEBUG;
				SWIFT_OPTIMIZATION_LEVEL = "-Onone";
			};
			name = Debug;
		};
		FA8472262BC9EDEE0049BC0D /* Release */ = {
			isa = XCBuildConfiguration;
			buildSettings = {
				ALWAYS_SEARCH_USER_PATHS = NO;
				CLANG_ANALYZER_NONNULL = YES;
				CLANG_ANALYZER_NUMBER_OBJECT_CONVERSION = YES_AGGRESSIVE;
				CLANG_CXX_LANGUAGE_STANDARD = "gnu++20";
				CLANG_ENABLE_MODULES = YES;
				CLANG_ENABLE_OBJC_ARC = YES;
				CLANG_ENABLE_OBJC_WEAK = YES;
				CLANG_WARN_BLOCK_CAPTURE_AUTORELEASING = YES;
				CLANG_WARN_BOOL_CONVERSION = YES;
				CLANG_WARN_COMMA = YES;
				CLANG_WARN_CONSTANT_CONVERSION = YES;
				CLANG_WARN_DEPRECATED_OBJC_IMPLEMENTATIONS = YES;
				CLANG_WARN_DIRECT_OBJC_ISA_USAGE = YES_ERROR;
				CLANG_WARN_DOCUMENTATION_COMMENTS = YES;
				CLANG_WARN_EMPTY_BODY = YES;
				CLANG_WARN_ENUM_CONVERSION = YES;
				CLANG_WARN_INFINITE_RECURSION = YES;
				CLANG_WARN_INT_CONVERSION = YES;
				CLANG_WARN_NON_LITERAL_NULL_CONVERSION = YES;
				CLANG_WARN_OBJC_IMPLICIT_RETAIN_SELF = YES;
				CLANG_WARN_OBJC_LITERAL_CONVERSION = YES;
				CLANG_WARN_OBJC_ROOT_CLASS = YES_ERROR;
				CLANG_WARN_QUOTED_INCLUDE_IN_FRAMEWORK_HEADER = YES;
				CLANG_WARN_RANGE_LOOP_ANALYSIS = YES;
				CLANG_WARN_STRICT_PROTOTYPES = YES;
				CLANG_WARN_SUSPICIOUS_MOVE = YES;
				CLANG_WARN_UNGUARDED_AVAILABILITY = YES_AGGRESSIVE;
				CLANG_WARN_UNREACHABLE_CODE = YES;
				CLANG_WARN__DUPLICATE_METHOD_MATCH = YES;
				COPY_PHASE_STRIP = NO;
				DEBUG_INFORMATION_FORMAT = "dwarf-with-dsym";
				ENABLE_NS_ASSERTIONS = NO;
				ENABLE_STRICT_OBJC_MSGSEND = YES;
				GCC_C_LANGUAGE_STANDARD = gnu11;
				GCC_NO_COMMON_BLOCKS = YES;
				GCC_WARN_64_TO_32_BIT_CONVERSION = YES;
				GCC_WARN_ABOUT_RETURN_TYPE = YES_ERROR;
				GCC_WARN_UNDECLARED_SELECTOR = YES;
				GCC_WARN_UNINITIALIZED_AUTOS = YES_AGGRESSIVE;
				GCC_WARN_UNUSED_FUNCTION = YES;
				GCC_WARN_UNUSED_VARIABLE = YES;
				IPHONEOS_DEPLOYMENT_TARGET = 16.2;
				MTL_ENABLE_DEBUG_INFO = NO;
				MTL_FAST_MATH = YES;
				SDKROOT = iphoneos;
				SWIFT_COMPILATION_MODE = wholemodule;
				SWIFT_OPTIMIZATION_LEVEL = "-O";
				VALIDATE_PRODUCT = YES;
			};
			name = Release;
		};
		FA8472282BC9EDEE0049BC0D /* Debug */ = {
			isa = XCBuildConfiguration;
			buildSettings = {
				ASSETCATALOG_COMPILER_APPICON_NAME = AppIcon;
				ASSETCATALOG_COMPILER_GLOBAL_ACCENT_COLOR_NAME = AccentColor;
				CODE_SIGN_STYLE = Automatic;
				CURRENT_PROJECT_VERSION = 1;
				DEVELOPMENT_ASSET_PATHS = "\"Blossom/Preview Content\"";
				ENABLE_PREVIEWS = YES;
				GENERATE_INFOPLIST_FILE = YES;
				INFOPLIST_KEY_UIApplicationSceneManifest_Generation = YES;
				INFOPLIST_KEY_UIApplicationSupportsIndirectInputEvents = YES;
				INFOPLIST_KEY_UILaunchScreen_Generation = YES;
				INFOPLIST_KEY_UISupportedInterfaceOrientations_iPad = "UIInterfaceOrientationPortrait UIInterfaceOrientationPortraitUpsideDown UIInterfaceOrientationLandscapeLeft UIInterfaceOrientationLandscapeRight";
				INFOPLIST_KEY_UISupportedInterfaceOrientations_iPhone = "UIInterfaceOrientationPortrait UIInterfaceOrientationLandscapeLeft UIInterfaceOrientationLandscapeRight";
				LD_RUNPATH_SEARCH_PATHS = (
					"$(inherited)",
					"@executable_path/Frameworks",
				);
				MARKETING_VERSION = 1.0;
				PRODUCT_BUNDLE_IDENTIFIER = com.meghanaramineni.Blossom;
				PRODUCT_NAME = "$(TARGET_NAME)";
				SWIFT_EMIT_LOC_STRINGS = YES;
				SWIFT_VERSION = 5.0;
				TARGETED_DEVICE_FAMILY = "1,2";
			};
			name = Debug;
		};
		FA8472292BC9EDEE0049BC0D /* Release */ = {
			isa = XCBuildConfiguration;
			buildSettings = {
				ASSETCATALOG_COMPILER_APPICON_NAME = AppIcon;
				ASSETCATALOG_COMPILER_GLOBAL_ACCENT_COLOR_NAME = AccentColor;
				CODE_SIGN_STYLE = Automatic;
				CURRENT_PROJECT_VERSION = 1;
				DEVELOPMENT_ASSET_PATHS = "\"Blossom/Preview Content\"";
				ENABLE_PREVIEWS = YES;
				GENERATE_INFOPLIST_FILE = YES;
				INFOPLIST_KEY_UIApplicationSceneManifest_Generation = YES;
				INFOPLIST_KEY_UIApplicationSupportsIndirectInputEvents = YES;
				INFOPLIST_KEY_UILaunchScreen_Generation = YES;
				INFOPLIST_KEY_UISupportedInterfaceOrientations_iPad = "UIInterfaceOrientationPortrait UIInterfaceOrientationPortraitUpsideDown UIInterfaceOrientationLandscapeLeft UIInterfaceOrientationLandscapeRight";
				INFOPLIST_KEY_UISupportedInterfaceOrientations_iPhone = "UIInterfaceOrientationPortrait UIInterfaceOrientationLandscapeLeft UIInterfaceOrientationLandscapeRight";
				LD_RUNPATH_SEARCH_PATHS = (
					"$(inherited)",
					"@executable_path/Frameworks",
				);
				MARKETING_VERSION = 1.0;
				PRODUCT_BUNDLE_IDENTIFIER = com.meghanaramineni.Blossom;
				PRODUCT_NAME = "$(TARGET_NAME)";
				SWIFT_EMIT_LOC_STRINGS = YES;
				SWIFT_VERSION = 5.0;
				TARGETED_DEVICE_FAMILY = "1,2";
			};
			name = Release;
		};
		FA84722B2BC9EDEE0049BC0D /* Debug */ = {
			isa = XCBuildConfiguration;
			buildSettings = {
				ALWAYS_EMBED_SWIFT_STANDARD_LIBRARIES = YES;
				BUNDLE_LOADER = "$(TEST_HOST)";
				CODE_SIGN_STYLE = Automatic;
				CURRENT_PROJECT_VERSION = 1;
				GENERATE_INFOPLIST_FILE = YES;
				IPHONEOS_DEPLOYMENT_TARGET = 16.2;
				MARKETING_VERSION = 1.0;
				PRODUCT_BUNDLE_IDENTIFIER = com.meghanaramineni.BlossomTests;
				PRODUCT_NAME = "$(TARGET_NAME)";
				SWIFT_EMIT_LOC_STRINGS = NO;
				SWIFT_VERSION = 5.0;
				TARGETED_DEVICE_FAMILY = "1,2";
				TEST_HOST = "$(BUILT_PRODUCTS_DIR)/Blossom.app/$(BUNDLE_EXECUTABLE_FOLDER_PATH)/Blossom";
			};
			name = Debug;
		};
		FA84722C2BC9EDEE0049BC0D /* Release */ = {
			isa = XCBuildConfiguration;
			buildSettings = {
				ALWAYS_EMBED_SWIFT_STANDARD_LIBRARIES = YES;
				BUNDLE_LOADER = "$(TEST_HOST)";
				CODE_SIGN_STYLE = Automatic;
				CURRENT_PROJECT_VERSION = 1;
				GENERATE_INFOPLIST_FILE = YES;
				IPHONEOS_DEPLOYMENT_TARGET = 16.2;
				MARKETING_VERSION = 1.0;
				PRODUCT_BUNDLE_IDENTIFIER = com.meghanaramineni.BlossomTests;
				PRODUCT_NAME = "$(TARGET_NAME)";
				SWIFT_EMIT_LOC_STRINGS = NO;
				SWIFT_VERSION = 5.0;
				TARGETED_DEVICE_FAMILY = "1,2";
				TEST_HOST = "$(BUILT_PRODUCTS_DIR)/Blossom.app/$(BUNDLE_EXECUTABLE_FOLDER_PATH)/Blossom";
			};
			name = Release;
		};
		FA84722E2BC9EDEE0049BC0D /* Debug */ = {
			isa = XCBuildConfiguration;
			buildSettings = {
				ALWAYS_EMBED_SWIFT_STANDARD_LIBRARIES = YES;
				CODE_SIGN_STYLE = Automatic;
				CURRENT_PROJECT_VERSION = 1;
				GENERATE_INFOPLIST_FILE = YES;
				MARKETING_VERSION = 1.0;
				PRODUCT_BUNDLE_IDENTIFIER = com.meghanaramineni.BlossomUITests;
				PRODUCT_NAME = "$(TARGET_NAME)";
				SWIFT_EMIT_LOC_STRINGS = NO;
				SWIFT_VERSION = 5.0;
				TARGETED_DEVICE_FAMILY = "1,2";
				TEST_TARGET_NAME = Blossom;
			};
			name = Debug;
		};
		FA84722F2BC9EDEE0049BC0D /* Release */ = {
			isa = XCBuildConfiguration;
			buildSettings = {
				ALWAYS_EMBED_SWIFT_STANDARD_LIBRARIES = YES;
				CODE_SIGN_STYLE = Automatic;
				CURRENT_PROJECT_VERSION = 1;
				GENERATE_INFOPLIST_FILE = YES;
				MARKETING_VERSION = 1.0;
				PRODUCT_BUNDLE_IDENTIFIER = com.meghanaramineni.BlossomUITests;
				PRODUCT_NAME = "$(TARGET_NAME)";
				SWIFT_EMIT_LOC_STRINGS = NO;
				SWIFT_VERSION = 5.0;
				TARGETED_DEVICE_FAMILY = "1,2";
				TEST_TARGET_NAME = Blossom;
			};
			name = Release;
		};
/* End XCBuildConfiguration section */

/* Begin XCConfigurationList section */
		FA8471FE2BC9EDEB0049BC0D /* Build configuration list for PBXProject "Blossom" */ = {
			isa = XCConfigurationList;
			buildConfigurations = (
				FA8472252BC9EDEE0049BC0D /* Debug */,
				FA8472262BC9EDEE0049BC0D /* Release */,
			);
			defaultConfigurationIsVisible = 0;
			defaultConfigurationName = Release;
		};
		FA8472272BC9EDEE0049BC0D /* Build configuration list for PBXNativeTarget "Blossom" */ = {
			isa = XCConfigurationList;
			buildConfigurations = (
				FA8472282BC9EDEE0049BC0D /* Debug */,
				FA8472292BC9EDEE0049BC0D /* Release */,
			);
			defaultConfigurationIsVisible = 0;
			defaultConfigurationName = Release;
		};
		FA84722A2BC9EDEE0049BC0D /* Build configuration list for PBXNativeTarget "BlossomTests" */ = {
			isa = XCConfigurationList;
			buildConfigurations = (
				FA84722B2BC9EDEE0049BC0D /* Debug */,
				FA84722C2BC9EDEE0049BC0D /* Release */,
			);
			defaultConfigurationIsVisible = 0;
			defaultConfigurationName = Release;
		};
		FA84722D2BC9EDEE0049BC0D /* Build configuration list for PBXNativeTarget "BlossomUITests" */ = {
			isa = XCConfigurationList;
			buildConfigurations = (
				FA84722E2BC9EDEE0049BC0D /* Debug */,
				FA84722F2BC9EDEE0049BC0D /* Release */,
			);
			defaultConfigurationIsVisible = 0;
			defaultConfigurationName = Release;
		};
/* End XCConfigurationList section */
	};
	rootObject = FA8471FB2BC9EDEB0049BC0D /* Project object */;
}
